// !$*UTF8*$!
{
	archiveVersion = 1;
	classes = {
	};
	objectVersion = 46;
	objects = {

/* Begin PBXBuildFile section */
		CDEDE3811D21C26B00235D98 /* AppDelegate.swift in Sources */ = {isa = PBXBuildFile; fileRef = CDEDE3801D21C26B00235D98 /* AppDelegate.swift */; };
		CDEDE3831D21C26B00235D98 /* ViewController.swift in Sources */ = {isa = PBXBuildFile; fileRef = CDEDE3821D21C26B00235D98 /* ViewController.swift */; };
		CDEDE3861D21C26B00235D98 /* Main.storyboard in Resources */ = {isa = PBXBuildFile; fileRef = CDEDE3841D21C26B00235D98 /* Main.storyboard */; };
		CDEDE3891D21C26B00235D98 /* popup.xcdatamodeld in Sources */ = {isa = PBXBuildFile; fileRef = CDEDE3871D21C26B00235D98 /* popup.xcdatamodeld */; };
		CDEDE38B1D21C26B00235D98 /* Assets.xcassets in Resources */ = {isa = PBXBuildFile; fileRef = CDEDE38A1D21C26B00235D98 /* Assets.xcassets */; };
		CDEDE38E1D21C26B00235D98 /* LaunchScreen.storyboard in Resources */ = {isa = PBXBuildFile; fileRef = CDEDE38C1D21C26B00235D98 /* LaunchScreen.storyboard */; };
		CDEDE3991D21C26B00235D98 /* popupTests.swift in Sources */ = {isa = PBXBuildFile; fileRef = CDEDE3981D21C26B00235D98 /* popupTests.swift */; };
		CDEDE3A41D21C26B00235D98 /* popupUITests.swift in Sources */ = {isa = PBXBuildFile; fileRef = CDEDE3A31D21C26B00235D98 /* popupUITests.swift */; };
/* End PBXBuildFile section */

/* Begin PBXContainerItemProxy section */
		CDEDE3951D21C26B00235D98 /* PBXContainerItemProxy */ = {
			isa = PBXContainerItemProxy;
			containerPortal = CDEDE3751D21C26B00235D98 /* Project object */;
			proxyType = 1;
			remoteGlobalIDString = CDEDE37C1D21C26B00235D98;
			remoteInfo = popup;
		};
		CDEDE3A01D21C26B00235D98 /* PBXContainerItemProxy */ = {
			isa = PBXContainerItemProxy;
			containerPortal = CDEDE3751D21C26B00235D98 /* Project object */;
			proxyType = 1;
			remoteGlobalIDString = CDEDE37C1D21C26B00235D98;
			remoteInfo = popup;
		};
/* End PBXContainerItemProxy section */

/* Begin PBXFileReference section */
		CDEDE37D1D21C26B00235D98 /* popup.app */ = {isa = PBXFileReference; explicitFileType = wrapper.application; includeInIndex = 0; path = popup.app; sourceTree = BUILT_PRODUCTS_DIR; };
		CDEDE3801D21C26B00235D98 /* AppDelegate.swift */ = {isa = PBXFileReference; lastKnownFileType = sourcecode.swift; path = AppDelegate.swift; sourceTree = "<group>"; };
		CDEDE3821D21C26B00235D98 /* ViewController.swift */ = {isa = PBXFileReference; lastKnownFileType = sourcecode.swift; path = ViewController.swift; sourceTree = "<group>"; };
		CDEDE3851D21C26B00235D98 /* Base */ = {isa = PBXFileReference; lastKnownFileType = file.storyboard; name = Base; path = Base.lproj/Main.storyboard; sourceTree = "<group>"; };
		CDEDE3881D21C26B00235D98 /* popup.xcdatamodel */ = {isa = PBXFileReference; lastKnownFileType = wrapper.xcdatamodel; path = popup.xcdatamodel; sourceTree = "<group>"; };
		CDEDE38A1D21C26B00235D98 /* Assets.xcassets */ = {isa = PBXFileReference; lastKnownFileType = folder.assetcatalog; path = Assets.xcassets; sourceTree = "<group>"; };
		CDEDE38D1D21C26B00235D98 /* Base */ = {isa = PBXFileReference; lastKnownFileType = file.storyboard; name = Base; path = Base.lproj/LaunchScreen.storyboard; sourceTree = "<group>"; };
		CDEDE38F1D21C26B00235D98 /* Info.plist */ = {isa = PBXFileReference; lastKnownFileType = text.plist.xml; path = Info.plist; sourceTree = "<group>"; };
		CDEDE3941D21C26B00235D98 /* popupTests.xctest */ = {isa = PBXFileReference; explicitFileType = wrapper.cfbundle; includeInIndex = 0; path = popupTests.xctest; sourceTree = BUILT_PRODUCTS_DIR; };
		CDEDE3981D21C26B00235D98 /* popupTests.swift */ = {isa = PBXFileReference; lastKnownFileType = sourcecode.swift; path = popupTests.swift; sourceTree = "<group>"; };
		CDEDE39A1D21C26B00235D98 /* Info.plist */ = {isa = PBXFileReference; lastKnownFileType = text.plist.xml; path = Info.plist; sourceTree = "<group>"; };
		CDEDE39F1D21C26B00235D98 /* popupUITests.xctest */ = {isa = PBXFileReference; explicitFileType = wrapper.cfbundle; includeInIndex = 0; path = popupUITests.xctest; sourceTree = BUILT_PRODUCTS_DIR; };
		CDEDE3A31D21C26B00235D98 /* popupUITests.swift */ = {isa = PBXFileReference; lastKnownFileType = sourcecode.swift; path = popupUITests.swift; sourceTree = "<group>"; };
		CDEDE3A51D21C26B00235D98 /* Info.plist */ = {isa = PBXFileReference; lastKnownFileType = text.plist.xml; path = Info.plist; sourceTree = "<group>"; };
/* End PBXFileReference section */

/* Begin PBXFrameworksBuildPhase section */
		CDEDE37A1D21C26B00235D98 /* Frameworks */ = {
			isa = PBXFrameworksBuildPhase;
			buildActionMask = 2147483647;
			files = (
			);
			runOnlyForDeploymentPostprocessing = 0;
		};
		CDEDE3911D21C26B00235D98 /* Frameworks */ = {
			isa = PBXFrameworksBuildPhase;
			buildActionMask = 2147483647;
			files = (
			);
			runOnlyForDeploymentPostprocessing = 0;
		};
		CDEDE39C1D21C26B00235D98 /* Frameworks */ = {
			isa = PBXFrameworksBuildPhase;
			buildActionMask = 2147483647;
			files = (
			);
			runOnlyForDeploymentPostprocessing = 0;
		};
/* End PBXFrameworksBuildPhase section */

/* Begin PBXGroup section */
		CDEDE3741D21C26B00235D98 = {
			isa = PBXGroup;
			children = (
				CDEDE37F1D21C26B00235D98 /* popup */,
				CDEDE3971D21C26B00235D98 /* popupTests */,
				CDEDE3A21D21C26B00235D98 /* popupUITests */,
				CDEDE37E1D21C26B00235D98 /* Products */,
			);
			sourceTree = "<group>";
		};
		CDEDE37E1D21C26B00235D98 /* Products */ = {
			isa = PBXGroup;
			children = (
				CDEDE37D1D21C26B00235D98 /* popup.app */,
				CDEDE3941D21C26B00235D98 /* popupTests.xctest */,
				CDEDE39F1D21C26B00235D98 /* popupUITests.xctest */,
			);
			name = Products;
			sourceTree = "<group>";
		};
		CDEDE37F1D21C26B00235D98 /* popup */ = {
			isa = PBXGroup;
			children = (
				CDEDE3801D21C26B00235D98 /* AppDelegate.swift */,
				CDEDE3821D21C26B00235D98 /* ViewController.swift */,
				CDEDE3841D21C26B00235D98 /* Main.storyboard */,
				CDEDE38A1D21C26B00235D98 /* Assets.xcassets */,
				CDEDE38C1D21C26B00235D98 /* LaunchScreen.storyboard */,
				CDEDE38F1D21C26B00235D98 /* Info.plist */,
				CDEDE3871D21C26B00235D98 /* popup.xcdatamodeld */,
			);
			path = popup;
			sourceTree = "<group>";
		};
		CDEDE3971D21C26B00235D98 /* popupTests */ = {
			isa = PBXGroup;
			children = (
				CDEDE3981D21C26B00235D98 /* popupTests.swift */,
				CDEDE39A1D21C26B00235D98 /* Info.plist */,
			);
			path = popupTests;
			sourceTree = "<group>";
		};
		CDEDE3A21D21C26B00235D98 /* popupUITests */ = {
			isa = PBXGroup;
			children = (
				CDEDE3A31D21C26B00235D98 /* popupUITests.swift */,
				CDEDE3A51D21C26B00235D98 /* Info.plist */,
			);
			path = popupUITests;
			sourceTree = "<group>";
		};
/* End PBXGroup section */

/* Begin PBXNativeTarget section */
		CDEDE37C1D21C26B00235D98 /* popup */ = {
			isa = PBXNativeTarget;
			buildConfigurationList = CDEDE3A81D21C26B00235D98 /* Build configuration list for PBXNativeTarget "popup" */;
			buildPhases = (
				CDEDE3791D21C26B00235D98 /* Sources */,
				CDEDE37A1D21C26B00235D98 /* Frameworks */,
				CDEDE37B1D21C26B00235D98 /* Resources */,
			);
			buildRules = (
			);
			dependencies = (
			);
			name = popup;
			productName = popup;
			productReference = CDEDE37D1D21C26B00235D98 /* popup.app */;
			productType = "com.apple.product-type.application";
		};
		CDEDE3931D21C26B00235D98 /* popupTests */ = {
			isa = PBXNativeTarget;
			buildConfigurationList = CDEDE3AB1D21C26B00235D98 /* Build configuration list for PBXNativeTarget "popupTests" */;
			buildPhases = (
				CDEDE3901D21C26B00235D98 /* Sources */,
				CDEDE3911D21C26B00235D98 /* Frameworks */,
				CDEDE3921D21C26B00235D98 /* Resources */,
			);
			buildRules = (
			);
			dependencies = (
				CDEDE3961D21C26B00235D98 /* PBXTargetDependency */,
			);
			name = popupTests;
			productName = popupTests;
			productReference = CDEDE3941D21C26B00235D98 /* popupTests.xctest */;
			productType = "com.apple.product-type.bundle.unit-test";
		};
		CDEDE39E1D21C26B00235D98 /* popupUITests */ = {
			isa = PBXNativeTarget;
			buildConfigurationList = CDEDE3AE1D21C26B00235D98 /* Build configuration list for PBXNativeTarget "popupUITests" */;
			buildPhases = (
				CDEDE39B1D21C26B00235D98 /* Sources */,
				CDEDE39C1D21C26B00235D98 /* Frameworks */,
				CDEDE39D1D21C26B00235D98 /* Resources */,
			);
			buildRules = (
			);
			dependencies = (
				CDEDE3A11D21C26B00235D98 /* PBXTargetDependency */,
			);
			name = popupUITests;
			productName = popupUITests;
			productReference = CDEDE39F1D21C26B00235D98 /* popupUITests.xctest */;
			productType = "com.apple.product-type.bundle.ui-testing";
		};
/* End PBXNativeTarget section */

/* Begin PBXProject section */
		CDEDE3751D21C26B00235D98 /* Project object */ = {
			isa = PBXProject;
			attributes = {
				LastSwiftUpdateCheck = 0730;
				LastUpgradeCheck = 0730;
				ORGANIZATIONNAME = caseycorvino;
				TargetAttributes = {
					CDEDE37C1D21C26B00235D98 = {
						CreatedOnToolsVersion = 7.3.1;
					};
					CDEDE3931D21C26B00235D98 = {
						CreatedOnToolsVersion = 7.3.1;
						TestTargetID = CDEDE37C1D21C26B00235D98;
					};
					CDEDE39E1D21C26B00235D98 = {
						CreatedOnToolsVersion = 7.3.1;
						TestTargetID = CDEDE37C1D21C26B00235D98;
					};
				};
			};
			buildConfigurationList = CDEDE3781D21C26B00235D98 /* Build configuration list for PBXProject "popup" */;
			compatibilityVersion = "Xcode 3.2";
			developmentRegion = English;
			hasScannedForEncodings = 0;
			knownRegions = (
				en,
				Base,
			);
			mainGroup = CDEDE3741D21C26B00235D98;
			productRefGroup = CDEDE37E1D21C26B00235D98 /* Products */;
			projectDirPath = "";
			projectRoot = "";
			targets = (
				CDEDE37C1D21C26B00235D98 /* popup */,
				CDEDE3931D21C26B00235D98 /* popupTests */,
				CDEDE39E1D21C26B00235D98 /* popupUITests */,
			);
		};
/* End PBXProject section */

/* Begin PBXResourcesBuildPhase section */
		CDEDE37B1D21C26B00235D98 /* Resources */ = {
			isa = PBXResourcesBuildPhase;
			buildActionMask = 2147483647;
			files = (
				CDEDE38E1D21C26B00235D98 /* LaunchScreen.storyboard in Resources */,
				CDEDE38B1D21C26B00235D98 /* Assets.xcassets in Resources */,
				CDEDE3861D21C26B00235D98 /* Main.storyboard in Resources */,
			);
			runOnlyForDeploymentPostprocessing = 0;
		};
		CDEDE3921D21C26B00235D98 /* Resources */ = {
			isa = PBXResourcesBuildPhase;
			buildActionMask = 2147483647;
			files = (
			);
			runOnlyForDeploymentPostprocessing = 0;
		};
		CDEDE39D1D21C26B00235D98 /* Resources */ = {
			isa = PBXResourcesBuildPhase;
			buildActionMask = 2147483647;
			files = (
			);
			runOnlyForDeploymentPostprocessing = 0;
		};
/* End PBXResourcesBuildPhase section */

/* Begin PBXSourcesBuildPhase section */
		CDEDE3791D21C26B00235D98 /* Sources */ = {
			isa = PBXSourcesBuildPhase;
			buildActionMask = 2147483647;
			files = (
				CDEDE3891D21C26B00235D98 /* popup.xcdatamodeld in Sources */,
				CDEDE3831D21C26B00235D98 /* ViewController.swift in Sources */,
				CDEDE3811D21C26B00235D98 /* AppDelegate.swift in Sources */,
			);
			runOnlyForDeploymentPostprocessing = 0;
		};
		CDEDE3901D21C26B00235D98 /* Sources */ = {
			isa = PBXSourcesBuildPhase;
			buildActionMask = 2147483647;
			files = (
				CDEDE3991D21C26B00235D98 /* popupTests.swift in Sources */,
			);
			runOnlyForDeploymentPostprocessing = 0;
		};
		CDEDE39B1D21C26B00235D98 /* Sources */ = {
			isa = PBXSourcesBuildPhase;
			buildActionMask = 2147483647;
			files = (
				CDEDE3A41D21C26B00235D98 /* popupUITests.swift in Sources */,
			);
			runOnlyForDeploymentPostprocessing = 0;
		};
/* End PBXSourcesBuildPhase section */

/* Begin PBXTargetDependency section */
		CDEDE3961D21C26B00235D98 /* PBXTargetDependency */ = {
			isa = PBXTargetDependency;
			target = CDEDE37C1D21C26B00235D98 /* popup */;
			targetProxy = CDEDE3951D21C26B00235D98 /* PBXContainerItemProxy */;
		};
		CDEDE3A11D21C26B00235D98 /* PBXTargetDependency */ = {
			isa = PBXTargetDependency;
			target = CDEDE37C1D21C26B00235D98 /* popup */;
			targetProxy = CDEDE3A01D21C26B00235D98 /* PBXContainerItemProxy */;
		};
/* End PBXTargetDependency section */

/* Begin PBXVariantGroup section */
		CDEDE3841D21C26B00235D98 /* Main.storyboard */ = {
			isa = PBXVariantGroup;
			children = (
				CDEDE3851D21C26B00235D98 /* Base */,
			);
			name = Main.storyboard;
			sourceTree = "<group>";
		};
		CDEDE38C1D21C26B00235D98 /* LaunchScreen.storyboard */ = {
			isa = PBXVariantGroup;
			children = (
				CDEDE38D1D21C26B00235D98 /* Base */,
			);
			name = LaunchScreen.storyboard;
			sourceTree = "<group>";
		};
/* End PBXVariantGroup section */

/* Begin XCBuildConfiguration section */
		CDEDE3A61D21C26B00235D98 /* Debug */ = {
			isa = XCBuildConfiguration;
			buildSettings = {
				ALWAYS_SEARCH_USER_PATHS = NO;
				CLANG_ANALYZER_NONNULL = YES;
				CLANG_CXX_LANGUAGE_STANDARD = "gnu++0x";
				CLANG_CXX_LIBRARY = "libc++";
				CLANG_ENABLE_MODULES = YES;
				CLANG_ENABLE_OBJC_ARC = YES;
				CLANG_WARN_BOOL_CONVERSION = YES;
				CLANG_WARN_CONSTANT_CONVERSION = YES;
				CLANG_WARN_DIRECT_OBJC_ISA_USAGE = YES_ERROR;
				CLANG_WARN_EMPTY_BODY = YES;
				CLANG_WARN_ENUM_CONVERSION = YES;
				CLANG_WARN_INT_CONVERSION = YES;
				CLANG_WARN_OBJC_ROOT_CLASS = YES_ERROR;
				CLANG_WARN_UNREACHABLE_CODE = YES;
				CLANG_WARN__DUPLICATE_METHOD_MATCH = YES;
				"CODE_SIGN_IDENTITY[sdk=iphoneos*]" = "iPhone Developer";
				COPY_PHASE_STRIP = NO;
				DEBUG_INFORMATION_FORMAT = dwarf;
				ENABLE_STRICT_OBJC_MSGSEND = YES;
				ENABLE_TESTABILITY = YES;
				GCC_C_LANGUAGE_STANDARD = gnu99;
				GCC_DYNAMIC_NO_PIC = NO;
				GCC_NO_COMMON_BLOCKS = YES;
				GCC_OPTIMIZATION_LEVEL = 0;
				GCC_PREPROCESSOR_DEFINITIONS = (
					"DEBUG=1",
					"$(inherited)",
				);
				GCC_WARN_64_TO_32_BIT_CONVERSION = YES;
				GCC_WARN_ABOUT_RETURN_TYPE = YES_ERROR;
				GCC_WARN_UNDECLARED_SELECTOR = YES;
				GCC_WARN_UNINITIALIZED_AUTOS = YES_AGGRESSIVE;
				GCC_WARN_UNUSED_FUNCTION = YES;
				GCC_WARN_UNUSED_VARIABLE = YES;
				IPHONEOS_DEPLOYMENT_TARGET = 9.3;
				MTL_ENABLE_DEBUG_INFO = YES;
				ONLY_ACTIVE_ARCH = YES;
				SDKROOT = iphoneos;
				SWIFT_OPTIMIZATION_LEVEL = "-Onone";
			};
			name = Debug;
		};
		CDEDE3A71D21C26B00235D98 /* Release */ = {
			isa = XCBuildConfiguration;
			buildSettings = {
				ALWAYS_SEARCH_USER_PATHS = NO;
				CLANG_ANALYZER_NONNULL = YES;
				CLANG_CXX_LANGUAGE_STANDARD = "gnu++0x";
				CLANG_CXX_LIBRARY = "libc++";
				CLANG_ENABLE_MODULES = YES;
				CLANG_ENABLE_OBJC_ARC = YES;
				CLANG_WARN_BOOL_CONVERSION = YES;
				CLANG_WARN_CONSTANT_CONVERSION = YES;
				CLANG_WARN_DIRECT_OBJC_ISA_USAGE = YES_ERROR;
				CLANG_WARN_EMPTY_BODY = YES;
				CLANG_WARN_ENUM_CONVERSION = YES;
				CLANG_WARN_INT_CONVERSION = YES;
				CLANG_WARN_OBJC_ROOT_CLASS = YES_ERROR;
				CLANG_WARN_UNREACHABLE_CODE = YES;
				CLANG_WARN__DUPLICATE_METHOD_MATCH = YES;
				"CODE_SIGN_IDENTITY[sdk=iphoneos*]" = "iPhone Developer";
				COPY_PHASE_STRIP = NO;
				DEBUG_INFORMATION_FORMAT = "dwarf-with-dsym";
				ENABLE_NS_ASSERTIONS = NO;
				ENABLE_STRICT_OBJC_MSGSEND = YES;
				GCC_C_LANGUAGE_STANDARD = gnu99;
				GCC_NO_COMMON_BLOCKS = YES;
				GCC_WARN_64_TO_32_BIT_CONVERSION = YES;
				GCC_WARN_ABOUT_RETURN_TYPE = YES_ERROR;
				GCC_WARN_UNDECLARED_SELECTOR = YES;
				GCC_WARN_UNINITIALIZED_AUTOS = YES_AGGRESSIVE;
				GCC_WARN_UNUSED_FUNCTION = YES;
				GCC_WARN_UNUSED_VARIABLE = YES;
				IPHONEOS_DEPLOYMENT_TARGET = 9.3;
				MTL_ENABLE_DEBUG_INFO = NO;
				SDKROOT = iphoneos;
				VALIDATE_PRODUCT = YES;
			};
			name = Release;
		};
		CDEDE3A91D21C26B00235D98 /* Debug */ = {
			isa = XCBuildConfiguration;
			buildSettings = {
				ASSETCATALOG_COMPILER_APPICON_NAME = AppIcon;
				INFOPLIST_FILE = popup/Info.plist;
				LD_RUNPATH_SEARCH_PATHS = "$(inherited) @executable_path/Frameworks";
				PRODUCT_BUNDLE_IDENTIFIER = com.caseycorvino.popup;
				PRODUCT_NAME = "$(TARGET_NAME)";
			};
			name = Debug;
		};
		CDEDE3AA1D21C26B00235D98 /* Release */ = {
			isa = XCBuildConfiguration;
			buildSettings = {
				ASSETCATALOG_COMPILER_APPICON_NAME = AppIcon;
				INFOPLIST_FILE = popup/Info.plist;
				LD_RUNPATH_SEARCH_PATHS = "$(inherited) @executable_path/Frameworks";
				PRODUCT_BUNDLE_IDENTIFIER = com.caseycorvino.popup;
				PRODUCT_NAME = "$(TARGET_NAME)";
			};
			name = Release;
		};
		CDEDE3AC1D21C26B00235D98 /* Debug */ = {
			isa = XCBuildConfiguration;
			buildSettings = {
				BUNDLE_LOADER = "$(TEST_HOST)";
				INFOPLIST_FILE = popupTests/Info.plist;
				LD_RUNPATH_SEARCH_PATHS = "$(inherited) @executable_path/Frameworks @loader_path/Frameworks";
				PRODUCT_BUNDLE_IDENTIFIER = com.caseycorvino.popupTests;
				PRODUCT_NAME = "$(TARGET_NAME)";
				TEST_HOST = "$(BUILT_PRODUCTS_DIR)/popup.app/popup";
			};
			name = Debug;
		};
		CDEDE3AD1D21C26B00235D98 /* Release */ = {
			isa = XCBuildConfiguration;
			buildSettings = {
				BUNDLE_LOADER = "$(TEST_HOST)";
				INFOPLIST_FILE = popupTests/Info.plist;
				LD_RUNPATH_SEARCH_PATHS = "$(inherited) @executable_path/Frameworks @loader_path/Frameworks";
				PRODUCT_BUNDLE_IDENTIFIER = com.caseycorvino.popupTests;
				PRODUCT_NAME = "$(TARGET_NAME)";
				TEST_HOST = "$(BUILT_PRODUCTS_DIR)/popup.app/popup";
			};
			name = Release;
		};
		CDEDE3AF1D21C26B00235D98 /* Debug */ = {
			isa = XCBuildConfiguration;
			buildSettings = {
				INFOPLIST_FILE = popupUITests/Info.plist;
				LD_RUNPATH_SEARCH_PATHS = "$(inherited) @executable_path/Frameworks @loader_path/Frameworks";
				PRODUCT_BUNDLE_IDENTIFIER = com.caseycorvino.popupUITests;
				PRODUCT_NAME = "$(TARGET_NAME)";
				TEST_TARGET_NAME = popup;
			};
			name = Debug;
		};
		CDEDE3B01D21C26B00235D98 /* Release */ = {
			isa = XCBuildConfiguration;
			buildSettings = {
				INFOPLIST_FILE = popupUITests/Info.plist;
				LD_RUNPATH_SEARCH_PATHS = "$(inherited) @executable_path/Frameworks @loader_path/Frameworks";
				PRODUCT_BUNDLE_IDENTIFIER = com.caseycorvino.popupUITests;
				PRODUCT_NAME = "$(TARGET_NAME)";
				TEST_TARGET_NAME = popup;
			};
			name = Release;
		};
/* End XCBuildConfiguration section */

/* Begin XCConfigurationList section */
		CDEDE3781D21C26B00235D98 /* Build configuration list for PBXProject "popup" */ = {
			isa = XCConfigurationList;
			buildConfigurations = (
				CDEDE3A61D21C26B00235D98 /* Debug */,
				CDEDE3A71D21C26B00235D98 /* Release */,
			);
			defaultConfigurationIsVisible = 0;
			defaultConfigurationName = Release;
		};
		CDEDE3A81D21C26B00235D98 /* Build configuration list for PBXNativeTarget "popup" */ = {
			isa = XCConfigurationList;
			buildConfigurations = (
				CDEDE3A91D21C26B00235D98 /* Debug */,
				CDEDE3AA1D21C26B00235D98 /* Release */,
			);
			defaultConfigurationIsVisible = 0;
		};
		CDEDE3AB1D21C26B00235D98 /* Build configuration list for PBXNativeTarget "popupTests" */ = {
			isa = XCConfigurationList;
			buildConfigurations = (
				CDEDE3AC1D21C26B00235D98 /* Debug */,
				CDEDE3AD1D21C26B00235D98 /* Release */,
			);
			defaultConfigurationIsVisible = 0;
		};
		CDEDE3AE1D21C26B00235D98 /* Build configuration list for PBXNativeTarget "popupUITests" */ = {
			isa = XCConfigurationList;
			buildConfigurations = (
				CDEDE3AF1D21C26B00235D98 /* Debug */,
				CDEDE3B01D21C26B00235D98 /* Release */,
			);
			defaultConfigurationIsVisible = 0;
		};
/* End XCConfigurationList section */

/* Begin XCVersionGroup section */
		CDEDE3871D21C26B00235D98 /* popup.xcdatamodeld */ = {
			isa = XCVersionGroup;
			children = (
				CDEDE3881D21C26B00235D98 /* popup.xcdatamodel */,
			);
			currentVersion = CDEDE3881D21C26B00235D98 /* popup.xcdatamodel */;
			path = popup.xcdatamodeld;
			sourceTree = "<group>";
			versionGroupType = wrapper.xcdatamodel;
		};
/* End XCVersionGroup section */
	};
	rootObject = CDEDE3751D21C26B00235D98 /* Project object */;
}
